
Microsoft Visual Studio Solution File, Format Version 12.00
# Visual Studio Version 17
VisualStudioVersion = 17.14.36414.22 d17.14
MinimumVisualStudioVersion = 10.0.40219.1
Project("{FAE04EC0-301F-11D3-BF4B-00C04F79EFBC}") = "Fourtitude Test", "Fourtitude Test.csproj", "{F877354A-928E-42D7-93AD-78456F2A348B}"
EndProject
Global
	GlobalSection(SolutionConfigurationPlatforms) = preSolution
		Debug|Any CPU = Debug|Any CPU
		Release|Any CPU = Release|Any CPU
	EndGlobalSection
	GlobalSection(ProjectConfigurationPlatforms) = postSolution
		{F877354A-928E-42D7-93AD-78456F2A348B}.Debug|Any CPU.ActiveCfg = Debug|Any CPU
		{F877354A-928E-42D7-93AD-78456F2A348B}.Debug|Any CPU.Build.0 = Debug|Any CPU
		{F877354A-928E-42D7-93AD-78456F2A348B}.Release|Any CPU.ActiveCfg = Release|Any CPU
		{F877354A-928E-42D7-93AD-78456F2A348B}.Release|Any CPU.Build.0 = Release|Any CPU
	EndGlobalSection
	GlobalSection(SolutionProperties) = preSolution
		HideSolutionNode = FALSE
	EndGlobalSection
	GlobalSection(ExtensibilityGlobals) = postSolution
		SolutionGuid = {E9867B67-8C23-4463-9E3F-9B107A6933B3}
	EndGlobalSection
EndGlobal
